
Microsoft Visual Studio Solution File, Format Version 12.00
# Visual Studio 14
VisualStudioVersion = 14.0.25123.0
MinimumVisualStudioVersion = 10.0.40219.1
Project("{FAE04EC0-301F-11D3-BF4B-00C04F79EFBC}") = "SinExWebApp20328381", "SinExWebApp20328381\SinExWebApp20328381.csproj", "{B0097E1A-495C-4635-8127-DA45F99799C7}"
EndProject
Project("{FAE04EC0-301F-11D3-BF4B-00C04F79EFBC}") = "SinExWebApp20328381.Tests", "SinExWebApp20328381.Tests\SinExWebApp20328381.Tests.csproj", "{7C54501E-B0FA-480B-B3F9-0987470DE58E}"
EndProject
Global
	GlobalSection(SolutionConfigurationPlatforms) = preSolution
		Debug|Any CPU = Debug|Any CPU
		Release|Any CPU = Release|Any CPU
	EndGlobalSection
	GlobalSection(ProjectConfigurationPlatforms) = postSolution
		{B0097E1A-495C-4635-8127-DA45F99799C7}.Debug|Any CPU.ActiveCfg = Debug|Any CPU
		{B0097E1A-495C-4635-8127-DA45F99799C7}.Debug|Any CPU.Build.0 = Debug|Any CPU
		{B0097E1A-495C-4635-8127-DA45F99799C7}.Release|Any CPU.ActiveCfg = Release|Any CPU
		{B0097E1A-495C-4635-8127-DA45F99799C7}.Release|Any CPU.Build.0 = Release|Any CPU
		{7C54501E-B0FA-480B-B3F9-0987470DE58E}.Debug|Any CPU.ActiveCfg = Debug|Any CPU
		{7C54501E-B0FA-480B-B3F9-0987470DE58E}.Debug|Any CPU.Build.0 = Debug|Any CPU
		{7C54501E-B0FA-480B-B3F9-0987470DE58E}.Release|Any CPU.ActiveCfg = Release|Any CPU
		{7C54501E-B0FA-480B-B3F9-0987470DE58E}.Release|Any CPU.Build.0 = Release|Any CPU
	EndGlobalSection
	GlobalSection(SolutionProperties) = preSolution
		HideSolutionNode = FALSE
	EndGlobalSection
EndGlobal
